{
  "lockfileVersion": 2,
  "configVersion": 1,
  "workspaces": {
    "": {
      "name": "kernel-gemini-acp-runtime",
      "dependencies": {
        "@google/gemini-cli": "0.58.0",
      },
    },
  },
  "packages": {
    "@github/keytar": ["@github/keytar@7.10.6", "", { "dependencies": { "node-addon-api": "^8.3.0" } }, "sha512-mRW6cUsSG+nj4jp5gp8e91zPySaT73r+2JM6VyMZfrEgksjPmjSMr+tPGNOK3HUHV+GUU9B1LAiiYy/wmAnIxA=="],

    "@google/gemini-cli": ["@google/gemini-cli@0.58.0", "", { "optionalDependencies": { "@github/keytar": "7.10.6", "@lydell/node-pty": "1.1.0", "@lydell/node-pty-darwin-arm64": "1.1.0", "@lydell/node-pty-darwin-x64": "1.1.0", "@lydell/node-pty-linux-x64": "1.1.0", "@lydell/node-pty-win32-arm64": "1.1.0", "@lydell/node-pty-win32-x64": "1.1.0", "node-pty": "1.0.0" }, "bin": { "gemini": "bundle/gemini.js" } }, "sha512-++LtUYMcLE8dVxMcuwv6kIp8+h6z+std/7iVE+vSunkrwNDaWMFkWw/psv2RSySWjr2A1SsEEIGCK0xULWY2sA=="],

    "@lydell/node-pty": ["@lydell/node-pty@1.1.0", "", { "optionalDependencies": { "@lydell/node-pty-darwin-arm64": "1.1.0", "@lydell/node-pty-darwin-x64": "1.1.0", "@lydell/node-pty-linux-arm64": "1.1.0", "@lydell/node-pty-linux-x64": "1.1.0", "@lydell/node-pty-win32-arm64": "1.1.0", "@lydell/node-pty-win32-x64": "1.1.0" } }, "sha512-VDD8LtlMTOrPKWMXUAcB9+LTktzuunqrMwkYR1DMRBkS6LQrCt+0/Ws1o2rMml/n3guePpS7cxhHF7Nm5K4iMw=="],

    "@lydell/node-pty-darwin-arm64": ["@lydell/node-pty-darwin-arm64@1.1.0", "", { "os": "darwin", "cpu": "arm64" }, "sha512-7kFD+owAA61qmhJCtoMbqj3Uvff3YHDiU+4on5F2vQdcMI3MuwGi7dM6MkFG/yuzpw8LF2xULpL71tOPUfxs0w=="],

    "@lydell/node-pty-darwin-x64": ["@lydell/node-pty-darwin-x64@1.1.0", "", { "os": "darwin", "cpu": "x64" }, "sha512-XZdvqj5FjAMjH8bdp0YfaZjur5DrCIDD1VYiE9EkkYVMDQqRUPHYV3U8BVEQVT9hYfjmpr7dNaELF2KyISWSNA=="],

    "@lydell/node-pty-linux-arm64": ["@lydell/node-pty-linux-arm64@1.1.0", "", { "os": "linux", "cpu": "arm64" }, "sha512-yyDBmalCfHpLiQMT2zyLcqL2Fay4Xy7rIs8GH4dqKLnEviMvPGOK7LADVkKAsbsyXBSISL3Lt1m1MtxhPH6ckg=="],

    "@lydell/node-pty-linux-x64": ["@lydell/node-pty-linux-x64@1.1.0", "", { "os": "linux", "cpu": "x64" }, "sha512-NcNqRTD14QT+vXcEuqSSvmWY+0+WUBn2uRE8EN0zKtDpIEr9d+YiFj16Uqds6QfcLCHfZmC+Ls7YzwTaqDnanA=="],

    "@lydell/node-pty-win32-arm64": ["@lydell/node-pty-win32-arm64@1.1.0", "", { "os": "win32", "cpu": "arm64" }, "sha512-JOMbCou+0fA7d/m97faIIfIU0jOv8sn2OR7tI45u3AmldKoKoLP8zHY6SAvDDnI3fccO1R2HeR1doVjpS7HM0w=="],

    "@lydell/node-pty-win32-x64": ["@lydell/node-pty-win32-x64@1.1.0", "", { "os": "win32", "cpu": "x64" }, "sha512-3N56BZ+WDFnUMYRtsrr7Ky2mhWGl9xXcyqR6cexfuCqcz9RNWL+KoXRv/nZylY5dYaXkft4JaR1uVu+roiZDAw=="],

    "nan": ["nan@2.28.0", "", {}, "sha512-fTsDz99OTq2sVePhGdp4qQhggZFtKr64ZNVyVajRKtMOkJxYekplBh577PiJB12v/D3s2E5cGtOI45LWp6rnLQ=="],

    "node-addon-api": ["node-addon-api@8.9.2", "", {}, "sha512-VijLXbi3UACN69I0JVXJsX4tjACjNoQDgv2gTF6sx2wWEi8tkSg2eX8p5gSIFi8z2+DL3oHmY6OyKce38SDolg=="],

    "node-pty": ["node-pty@1.0.0", "", { "dependencies": { "nan": "^2.17.0" } }, "sha512-wtBMWWS7dFZm/VgqElrTvtfMq4GzJ6+edFI0Y0zyzygUSZMgZdraDUMUhCIvkjhJjme15qWmbyJbtAx4ot4uZA=="],
  }
}
