{
  "name": "@kernel/browser-repl-runtime",
  "lockfileVersion": 3,
  "requires": true,
  "packages": {
    "": {
      "name": "@kernel/browser-repl-runtime",
      "dependencies": {
        "meriyah": "7.3.1"
      }
    },
    "node_modules/meriyah": {
      "version": "7.3.1",
      "resolved": "https://registry.npmjs.org/meriyah/-/meriyah-7.3.1.tgz",
      "integrity": "sha512-642iQ3T0ZBXw+qrFo9m50CsdzSz9Tn0HtSKN3WxWlTXfcHUZwunxU4gMoMDIQzzOhwtkLOLeBs9GXs7NwDI2nA==",
      "license": "ISC",
      "engines": {
        "node": ">=20.0.0"
      }
    }
  }
}
